
Microsoft Visual Studio Solution File, Format Version 12.00
# Visual Studio Version 16
VisualStudioVersion = 16.0.31613.86
MinimumVisualStudioVersion = 10.0.40219.1
Project("{FAE04EC0-301F-11D3-BF4B-00C04F79EFBC}") = "ServicioOperaciones", "ServicioOperaciones\ServicioOperaciones.csproj", "{9F8F9ED6-7BF6-4FD5-9912-E9FBA10E5FE7}"
EndProject
Global
	GlobalSection(SolutionConfigurationPlatforms) = preSolution
		Debug|Any CPU = Debug|Any CPU
		Release|Any CPU = Release|Any CPU
	EndGlobalSection
	GlobalSection(ProjectConfigurationPlatforms) = postSolution
		{9F8F9ED6-7BF6-4FD5-9912-E9FBA10E5FE7}.Debug|Any CPU.ActiveCfg = Debug|Any CPU
		{9F8F9ED6-7BF6-4FD5-9912-E9FBA10E5FE7}.Debug|Any CPU.Build.0 = Debug|Any CPU
		{9F8F9ED6-7BF6-4FD5-9912-E9FBA10E5FE7}.Release|Any CPU.ActiveCfg = Release|Any CPU
		{9F8F9ED6-7BF6-4FD5-9912-E9FBA10E5FE7}.Release|Any CPU.Build.0 = Release|Any CPU
	EndGlobalSection
	GlobalSection(SolutionProperties) = preSolution
		HideSolutionNode = FALSE
	EndGlobalSection
	GlobalSection(ExtensibilityGlobals) = postSolution
		SolutionGuid = {4CD1BE68-EA19-4AF2-B95B-EEE38AE54A1E}
	EndGlobalSection
EndGlobal
